schema: '2.0'
stages:
  train:
    cmd: python src/train.py
    deps:
    - path: src/train.py
      hash: md5
      md5: 2085156c3dbc53254236db54c38cf1ae
      size: 670
    params:
      params.yaml:
        train.conv_activation: relu
        train.lr: 0.01
        train.num_epochs: 2
    outs:
    - path: dvclive/metrics.json
      hash: md5
      md5: d5c92121ba762f555217aa21d3d7299a
      size: 138
    - path: output/metrics.json
      hash: md5
      md5: e5ee5cf5296e3d2534c2ca730ae7fba7
      size: 63
