schema: '2.0'
stages:
  train:
    cmd: python src/train.py
    deps:
    - path: src/train.py
      hash: md5
      md5: 2085156c3dbc53254236db54c38cf1ae
      size: 670
    params:
      params.yaml:
        train.conv_activation: relu
        train.lr: 0.001
        train.num_epochs: 2
    outs:
    - path: dvclive/metrics.json
      hash: md5
      md5: 1a82ad79230e1588bc6fa010cb4ba07c
      size: 138
    - path: output/metrics.json
      hash: md5
      md5: 651919de6eca8793f18668439bdc8728
      size: 64
